
Microsoft Visual Studio Solution File, Format Version 12.00
# Visual Studio Version 16
VisualStudioVersion = 16.0.31112.23
MinimumVisualStudioVersion = 10.0.40219.1
Project("{FAE04EC0-301F-11D3-BF4B-00C04F79EFBC}") = "araçkiralama2", "araçkiralama2\araçkiralama2.csproj", "{1EB70302-64E5-43A6-B690-26FCE2B5007A}"
EndProject
Global
	GlobalSection(SolutionConfigurationPlatforms) = preSolution
		Debug|Any CPU = Debug|Any CPU
		Release|Any CPU = Release|Any CPU
	EndGlobalSection
	GlobalSection(ProjectConfigurationPlatforms) = postSolution
		{1EB70302-64E5-43A6-B690-26FCE2B5007A}.Debug|Any CPU.ActiveCfg = Debug|Any CPU
		{1EB70302-64E5-43A6-B690-26FCE2B5007A}.Debug|Any CPU.Build.0 = Debug|Any CPU
		{1EB70302-64E5-43A6-B690-26FCE2B5007A}.Release|Any CPU.ActiveCfg = Release|Any CPU
		{1EB70302-64E5-43A6-B690-26FCE2B5007A}.Release|Any CPU.Build.0 = Release|Any CPU
	EndGlobalSection
	GlobalSection(SolutionProperties) = preSolution
		HideSolutionNode = FALSE
	EndGlobalSection
	GlobalSection(ExtensibilityGlobals) = postSolution
		SolutionGuid = {37701A7D-8C88-46C4-9ABE-C1329C25A30E}
	EndGlobalSection
EndGlobal
